// !$*UTF8*$!
{
	archiveVersion = 1;
	classes = {
	};
	objectVersion = 46;
	objects = {

/* Begin PBXBuildFile section */
		7CE24B7E1A16D626006D82A4 /* AppDelegate.swift in Sources */ = {isa = PBXBuildFile; fileRef = 7CE24B7D1A16D626006D82A4 /* AppDelegate.swift */; };
		7CE24B831A16D626006D82A4 /* Main.storyboard in Resources */ = {isa = PBXBuildFile; fileRef = 7CE24B811A16D626006D82A4 /* Main.storyboard */; };
		7CE24B851A16D626006D82A4 /* Images.xcassets in Resources */ = {isa = PBXBuildFile; fileRef = 7CE24B841A16D626006D82A4 /* Images.xcassets */; };
		7CE24B881A16D626006D82A4 /* LaunchScreen.xib in Resources */ = {isa = PBXBuildFile; fileRef = 7CE24B861A16D626006D82A4 /* LaunchScreen.xib */; };
		7CE24B941A16D626006D82A4 /* altitudelabs_iosTests.swift in Sources */ = {isa = PBXBuildFile; fileRef = 7CE24B931A16D626006D82A4 /* altitudelabs_iosTests.swift */; };
		7CE24B9F1A16D7A1006D82A4 /* LoginViewController.swift in Sources */ = {isa = PBXBuildFile; fileRef = 7CE24B9E1A16D7A1006D82A4 /* LoginViewController.swift */; };
		7CE24BA11A16E1A2006D82A4 /* String.swift in Sources */ = {isa = PBXBuildFile; fileRef = 7CE24BA01A16E1A2006D82A4 /* String.swift */; };
		7CE24BA31A16E2C2006D82A4 /* DetailsViewController.swift in Sources */ = {isa = PBXBuildFile; fileRef = 7CE24BA21A16E2C2006D82A4 /* DetailsViewController.swift */; };
/* End PBXBuildFile section */

/* Begin PBXContainerItemProxy section */
		7CE24B8E1A16D626006D82A4 /* PBXContainerItemProxy */ = {
			isa = PBXContainerItemProxy;
			containerPortal = 7CE24B701A16D626006D82A4 /* Project object */;
			proxyType = 1;
			remoteGlobalIDString = 7CE24B771A16D626006D82A4;
			remoteInfo = "altitudelabs-ios";
		};
/* End PBXContainerItemProxy section */

/* Begin PBXFileReference section */
		7CE24B781A16D626006D82A4 /* altitudelabs-ios.app */ = {isa = PBXFileReference; explicitFileType = wrapper.application; includeInIndex = 0; path = "altitudelabs-ios.app"; sourceTree = BUILT_PRODUCTS_DIR; };
		7CE24B7C1A16D626006D82A4 /* Info.plist */ = {isa = PBXFileReference; lastKnownFileType = text.plist.xml; path = Info.plist; sourceTree = "<group>"; };
		7CE24B7D1A16D626006D82A4 /* AppDelegate.swift */ = {isa = PBXFileReference; lastKnownFileType = sourcecode.swift; path = AppDelegate.swift; sourceTree = "<group>"; };
		7CE24B821A16D626006D82A4 /* Base */ = {isa = PBXFileReference; lastKnownFileType = file.storyboard; name = Base; path = Base.lproj/Main.storyboard; sourceTree = "<group>"; };
		7CE24B841A16D626006D82A4 /* Images.xcassets */ = {isa = PBXFileReference; lastKnownFileType = folder.assetcatalog; path = Images.xcassets; sourceTree = "<group>"; };
		7CE24B871A16D626006D82A4 /* Base */ = {isa = PBXFileReference; lastKnownFileType = file.xib; name = Base; path = Base.lproj/LaunchScreen.xib; sourceTree = "<group>"; };
		7CE24B8D1A16D626006D82A4 /* altitudelabs-iosTests.xctest */ = {isa = PBXFileReference; explicitFileType = wrapper.cfbundle; includeInIndex = 0; path = "altitudelabs-iosTests.xctest"; sourceTree = BUILT_PRODUCTS_DIR; };
		7CE24B921A16D626006D82A4 /* Info.plist */ = {isa = PBXFileReference; lastKnownFileType = text.plist.xml; path = Info.plist; sourceTree = "<group>"; };
		7CE24B931A16D626006D82A4 /* altitudelabs_iosTests.swift */ = {isa = PBXFileReference; lastKnownFileType = sourcecode.swift; path = altitudelabs_iosTests.swift; sourceTree = "<group>"; };
		7CE24B9E1A16D7A1006D82A4 /* LoginViewController.swift */ = {isa = PBXFileReference; fileEncoding = 4; lastKnownFileType = sourcecode.swift; name = LoginViewController.swift; path = Controllers/LoginViewController.swift; sourceTree = "<group>"; };
		7CE24BA01A16E1A2006D82A4 /* String.swift */ = {isa = PBXFileReference; fileEncoding = 4; lastKnownFileType = sourcecode.swift; name = String.swift; path = Extensions/String.swift; sourceTree = "<group>"; };
		7CE24BA21A16E2C2006D82A4 /* DetailsViewController.swift */ = {isa = PBXFileReference; fileEncoding = 4; lastKnownFileType = sourcecode.swift; name = DetailsViewController.swift; path = Controllers/DetailsViewController.swift; sourceTree = "<group>"; };
/* End PBXFileReference section */

/* Begin PBXFrameworksBuildPhase section */
		7CE24B751A16D626006D82A4 /* Frameworks */ = {
			isa = PBXFrameworksBuildPhase;
			buildActionMask = 2147483647;
			files = (
			);
			runOnlyForDeploymentPostprocessing = 0;
		};
		7CE24B8A1A16D626006D82A4 /* Frameworks */ = {
			isa = PBXFrameworksBuildPhase;
			buildActionMask = 2147483647;
			files = (
			);
			runOnlyForDeploymentPostprocessing = 0;
		};
/* End PBXFrameworksBuildPhase section */

/* Begin PBXGroup section */
		7CE24B6F1A16D626006D82A4 = {
			isa = PBXGroup;
			children = (
				7CE24B7A1A16D626006D82A4 /* altitudelabs-ios */,
				7CE24B901A16D626006D82A4 /* altitudelabs-iosTests */,
				7CE24B791A16D626006D82A4 /* Products */,
			);
			sourceTree = "<group>";
		};
		7CE24B791A16D626006D82A4 /* Products */ = {
			isa = PBXGroup;
			children = (
				7CE24B781A16D626006D82A4 /* altitudelabs-ios.app */,
				7CE24B8D1A16D626006D82A4 /* altitudelabs-iosTests.xctest */,
			);
			name = Products;
			sourceTree = "<group>";
		};
		7CE24B7A1A16D626006D82A4 /* altitudelabs-ios */ = {
			isa = PBXGroup;
			children = (
				7CE24BA41A16E46F006D82A4 /* Extensions */,
				7CE24B9D1A16D779006D82A4 /* Controllers */,
				7CE24B7D1A16D626006D82A4 /* AppDelegate.swift */,
				7CE24B811A16D626006D82A4 /* Main.storyboard */,
				7CE24B841A16D626006D82A4 /* Images.xcassets */,
				7CE24B861A16D626006D82A4 /* LaunchScreen.xib */,
				7CE24B7B1A16D626006D82A4 /* Supporting Files */,
			);
			path = "altitudelabs-ios";
			sourceTree = "<group>";
		};
		7CE24B7B1A16D626006D82A4 /* Supporting Files */ = {
			isa = PBXGroup;
			children = (
				7CE24B7C1A16D626006D82A4 /* Info.plist */,
			);
			name = "Supporting Files";
			sourceTree = "<group>";
		};
		7CE24B901A16D626006D82A4 /* altitudelabs-iosTests */ = {
			isa = PBXGroup;
			children = (
				7CE24B931A16D626006D82A4 /* altitudelabs_iosTests.swift */,
				7CE24B911A16D626006D82A4 /* Supporting Files */,
			);
			path = "altitudelabs-iosTests";
			sourceTree = "<group>";
		};
		7CE24B911A16D626006D82A4 /* Supporting Files */ = {
			isa = PBXGroup;
			children = (
				7CE24B921A16D626006D82A4 /* Info.plist */,
			);
			name = "Supporting Files";
			sourceTree = "<group>";
		};
		7CE24B9D1A16D779006D82A4 /* Controllers */ = {
			isa = PBXGroup;
			children = (
				7CE24B9E1A16D7A1006D82A4 /* LoginViewController.swift */,
				7CE24BA21A16E2C2006D82A4 /* DetailsViewController.swift */,
			);
			name = Controllers;
			sourceTree = "<group>";
		};
		7CE24BA41A16E46F006D82A4 /* Extensions */ = {
			isa = PBXGroup;
			children = (
				7CE24BA01A16E1A2006D82A4 /* String.swift */,
			);
			name = Extensions;
			sourceTree = "<group>";
		};
/* End PBXGroup section */

/* Begin PBXNativeTarget section */
		7CE24B771A16D626006D82A4 /* altitudelabs-ios */ = {
			isa = PBXNativeTarget;
			buildConfigurationList = 7CE24B971A16D626006D82A4 /* Build configuration list for PBXNativeTarget "altitudelabs-ios" */;
			buildPhases = (
				7CE24B741A16D626006D82A4 /* Sources */,
				7CE24B751A16D626006D82A4 /* Frameworks */,
				7CE24B761A16D626006D82A4 /* Resources */,
			);
			buildRules = (
			);
			dependencies = (
			);
			name = "altitudelabs-ios";
			productName = "altitudelabs-ios";
			productReference = 7CE24B781A16D626006D82A4 /* altitudelabs-ios.app */;
			productType = "com.apple.product-type.application";
		};
		7CE24B8C1A16D626006D82A4 /* altitudelabs-iosTests */ = {
			isa = PBXNativeTarget;
			buildConfigurationList = 7CE24B9A1A16D626006D82A4 /* Build configuration list for PBXNativeTarget "altitudelabs-iosTests" */;
			buildPhases = (
				7CE24B891A16D626006D82A4 /* Sources */,
				7CE24B8A1A16D626006D82A4 /* Frameworks */,
				7CE24B8B1A16D626006D82A4 /* Resources */,
			);
			buildRules = (
			);
			dependencies = (
				7CE24B8F1A16D626006D82A4 /* PBXTargetDependency */,
			);
			name = "altitudelabs-iosTests";
			productName = "altitudelabs-iosTests";
			productReference = 7CE24B8D1A16D626006D82A4 /* altitudelabs-iosTests.xctest */;
			productType = "com.apple.product-type.bundle.unit-test";
		};
/* End PBXNativeTarget section */

/* Begin PBXProject section */
		7CE24B701A16D626006D82A4 /* Project object */ = {
			isa = PBXProject;
			attributes = {
				LastUpgradeCheck = 0610;
				ORGANIZATIONNAME = josephktcheung;
				TargetAttributes = {
					7CE24B771A16D626006D82A4 = {
						CreatedOnToolsVersion = 6.1;
					};
					7CE24B8C1A16D626006D82A4 = {
						CreatedOnToolsVersion = 6.1;
						TestTargetID = 7CE24B771A16D626006D82A4;
					};
				};
			};
			buildConfigurationList = 7CE24B731A16D626006D82A4 /* Build configuration list for PBXProject "altitudelabs-ios" */;
			compatibilityVersion = "Xcode 3.2";
			developmentRegion = English;
			hasScannedForEncodings = 0;
			knownRegions = (
				en,
				Base,
			);
			mainGroup = 7CE24B6F1A16D626006D82A4;
			productRefGroup = 7CE24B791A16D626006D82A4 /* Products */;
			projectDirPath = "";
			projectRoot = "";
			targets = (
				7CE24B771A16D626006D82A4 /* altitudelabs-ios */,
				7CE24B8C1A16D626006D82A4 /* altitudelabs-iosTests */,
			);
		};
/* End PBXProject section */

/* Begin PBXResourcesBuildPhase section */
		7CE24B761A16D626006D82A4 /* Resources */ = {
			isa = PBXResourcesBuildPhase;
			buildActionMask = 2147483647;
			files = (
				7CE24B831A16D626006D82A4 /* Main.storyboard in Resources */,
				7CE24B881A16D626006D82A4 /* LaunchScreen.xib in Resources */,
				7CE24B851A16D626006D82A4 /* Images.xcassets in Resources */,
			);
			runOnlyForDeploymentPostprocessing = 0;
		};
		7CE24B8B1A16D626006D82A4 /* Resources */ = {
			isa = PBXResourcesBuildPhase;
			buildActionMask = 2147483647;
			files = (
			);
			runOnlyForDeploymentPostprocessing = 0;
		};
/* End PBXResourcesBuildPhase section */

/* Begin PBXSourcesBuildPhase section */
		7CE24B741A16D626006D82A4 /* Sources */ = {
			isa = PBXSourcesBuildPhase;
			buildActionMask = 2147483647;
			files = (
				7CE24BA11A16E1A2006D82A4 /* String.swift in Sources */,
				7CE24B9F1A16D7A1006D82A4 /* LoginViewController.swift in Sources */,
				7CE24B7E1A16D626006D82A4 /* AppDelegate.swift in Sources */,
				7CE24BA31A16E2C2006D82A4 /* DetailsViewController.swift in Sources */,
			);
			runOnlyForDeploymentPostprocessing = 0;
		};
		7CE24B891A16D626006D82A4 /* Sources */ = {
			isa = PBXSourcesBuildPhase;
			buildActionMask = 2147483647;
			files = (
				7CE24B941A16D626006D82A4 /* altitudelabs_iosTests.swift in Sources */,
			);
			runOnlyForDeploymentPostprocessing = 0;
		};
/* End PBXSourcesBuildPhase section */

/* Begin PBXTargetDependency section */
		7CE24B8F1A16D626006D82A4 /* PBXTargetDependency */ = {
			isa = PBXTargetDependency;
			target = 7CE24B771A16D626006D82A4 /* altitudelabs-ios */;
			targetProxy = 7CE24B8E1A16D626006D82A4 /* PBXContainerItemProxy */;
		};
/* End PBXTargetDependency section */

/* Begin PBXVariantGroup section */
		7CE24B811A16D626006D82A4 /* Main.storyboard */ = {
			isa = PBXVariantGroup;
			children = (
				7CE24B821A16D626006D82A4 /* Base */,
			);
			name = Main.storyboard;
			sourceTree = "<group>";
		};
		7CE24B861A16D626006D82A4 /* LaunchScreen.xib */ = {
			isa = PBXVariantGroup;
			children = (
				7CE24B871A16D626006D82A4 /* Base */,
			);
			name = LaunchScreen.xib;
			sourceTree = "<group>";
		};
/* End PBXVariantGroup section */

/* Begin XCBuildConfiguration section */
		7CE24B951A16D626006D82A4 /* Debug */ = {
			isa = XCBuildConfiguration;
			buildSettings = {
				ALWAYS_SEARCH_USER_PATHS = NO;
				CLANG_CXX_LANGUAGE_STANDARD = "gnu++0x";
				CLANG_CXX_LIBRARY = "libc++";
				CLANG_ENABLE_MODULES = YES;
				CLANG_ENABLE_OBJC_ARC = YES;
				CLANG_WARN_BOOL_CONVERSION = YES;
				CLANG_WARN_CONSTANT_CONVERSION = YES;
				CLANG_WARN_DIRECT_OBJC_ISA_USAGE = YES_ERROR;
				CLANG_WARN_EMPTY_BODY = YES;
				CLANG_WARN_ENUM_CONVERSION = YES;
				CLANG_WARN_INT_CONVERSION = YES;
				CLANG_WARN_OBJC_ROOT_CLASS = YES_ERROR;
				CLANG_WARN_UNREACHABLE_CODE = YES;
				CLANG_WARN__DUPLICATE_METHOD_MATCH = YES;
				"CODE_SIGN_IDENTITY[sdk=iphoneos*]" = "iPhone Developer";
				COPY_PHASE_STRIP = NO;
				ENABLE_STRICT_OBJC_MSGSEND = YES;
				GCC_C_LANGUAGE_STANDARD = gnu99;
				GCC_DYNAMIC_NO_PIC = NO;
				GCC_OPTIMIZATION_LEVEL = 0;
				GCC_PREPROCESSOR_DEFINITIONS = (
					"DEBUG=1",
					"$(inherited)",
				);
				GCC_SYMBOLS_PRIVATE_EXTERN = NO;
				GCC_WARN_64_TO_32_BIT_CONVERSION = YES;
				GCC_WARN_ABOUT_RETURN_TYPE = YES_ERROR;
				GCC_WARN_UNDECLARED_SELECTOR = YES;
				GCC_WARN_UNINITIALIZED_AUTOS = YES_AGGRESSIVE;
				GCC_WARN_UNUSED_FUNCTION = YES;
				GCC_WARN_UNUSED_VARIABLE = YES;
				IPHONEOS_DEPLOYMENT_TARGET = 8.1;
				MTL_ENABLE_DEBUG_INFO = YES;
				ONLY_ACTIVE_ARCH = YES;
				SDKROOT = iphoneos;
				SWIFT_OPTIMIZATION_LEVEL = "-Onone";
				TARGETED_DEVICE_FAMILY = "1,2";
			};
			name = Debug;
		};
		7CE24B961A16D626006D82A4 /* Release */ = {
			isa = XCBuildConfiguration;
			buildSettings = {
				ALWAYS_SEARCH_USER_PATHS = NO;
				CLANG_CXX_LANGUAGE_STANDARD = "gnu++0x";
				CLANG_CXX_LIBRARY = "libc++";
				CLANG_ENABLE_MODULES = YES;
				CLANG_ENABLE_OBJC_ARC = YES;
				CLANG_WARN_BOOL_CONVERSION = YES;
				CLANG_WARN_CONSTANT_CONVERSION = YES;
				CLANG_WARN_DIRECT_OBJC_ISA_USAGE = YES_ERROR;
				CLANG_WARN_EMPTY_BODY = YES;
				CLANG_WARN_ENUM_CONVERSION = YES;
				CLANG_WARN_INT_CONVERSION = YES;
				CLANG_WARN_OBJC_ROOT_CLASS = YES_ERROR;
				CLANG_WARN_UNREACHABLE_CODE = YES;
				CLANG_WARN__DUPLICATE_METHOD_MATCH = YES;
				"CODE_SIGN_IDENTITY[sdk=iphoneos*]" = "iPhone Developer";
				COPY_PHASE_STRIP = YES;
				ENABLE_NS_ASSERTIONS = NO;
				ENABLE_STRICT_OBJC_MSGSEND = YES;
				GCC_C_LANGUAGE_STANDARD = gnu99;
				GCC_WARN_64_TO_32_BIT_CONVERSION = YES;
				GCC_WARN_ABOUT_RETURN_TYPE = YES_ERROR;
				GCC_WARN_UNDECLARED_SELECTOR = YES;
				GCC_WARN_UNINITIALIZED_AUTOS = YES_AGGRESSIVE;
				GCC_WARN_UNUSED_FUNCTION = YES;
				GCC_WARN_UNUSED_VARIABLE = YES;
				IPHONEOS_DEPLOYMENT_TARGET = 8.1;
				MTL_ENABLE_DEBUG_INFO = NO;
				SDKROOT = iphoneos;
				TARGETED_DEVICE_FAMILY = "1,2";
				VALIDATE_PRODUCT = YES;
			};
			name = Release;
		};
		7CE24B981A16D626006D82A4 /* Debug */ = {
			isa = XCBuildConfiguration;
			buildSettings = {
				ASSETCATALOG_COMPILER_APPICON_NAME = AppIcon;
				INFOPLIST_FILE = "altitudelabs-ios/Info.plist";
				LD_RUNPATH_SEARCH_PATHS = "$(inherited) @executable_path/Frameworks";
				PRODUCT_NAME = "$(TARGET_NAME)";
			};
			name = Debug;
		};
		7CE24B991A16D626006D82A4 /* Release */ = {
			isa = XCBuildConfiguration;
			buildSettings = {
				ASSETCATALOG_COMPILER_APPICON_NAME = AppIcon;
				INFOPLIST_FILE = "altitudelabs-ios/Info.plist";
				LD_RUNPATH_SEARCH_PATHS = "$(inherited) @executable_path/Frameworks";
				PRODUCT_NAME = "$(TARGET_NAME)";
			};
			name = Release;
		};
		7CE24B9B1A16D626006D82A4 /* Debug */ = {
			isa = XCBuildConfiguration;
			buildSettings = {
				BUNDLE_LOADER = "$(TEST_HOST)";
				FRAMEWORK_SEARCH_PATHS = (
					"$(SDKROOT)/Developer/Library/Frameworks",
					"$(inherited)",
				);
				GCC_PREPROCESSOR_DEFINITIONS = (
					"DEBUG=1",
					"$(inherited)",
				);
				INFOPLIST_FILE = "altitudelabs-iosTests/Info.plist";
				LD_RUNPATH_SEARCH_PATHS = "$(inherited) @executable_path/Frameworks @loader_path/Frameworks";
				PRODUCT_NAME = "$(TARGET_NAME)";
				TEST_HOST = "$(BUILT_PRODUCTS_DIR)/altitudelabs-ios.app/altitudelabs-ios";
			};
			name = Debug;
		};
		7CE24B9C1A16D626006D82A4 /* Release */ = {
			isa = XCBuildConfiguration;
			buildSettings = {
				BUNDLE_LOADER = "$(TEST_HOST)";
				FRAMEWORK_SEARCH_PATHS = (
					"$(SDKROOT)/Developer/Library/Frameworks",
					"$(inherited)",
				);
				INFOPLIST_FILE = "altitudelabs-iosTests/Info.plist";
				LD_RUNPATH_SEARCH_PATHS = "$(inherited) @executable_path/Frameworks @loader_path/Frameworks";
				PRODUCT_NAME = "$(TARGET_NAME)";
				TEST_HOST = "$(BUILT_PRODUCTS_DIR)/altitudelabs-ios.app/altitudelabs-ios";
			};
			name = Release;
		};
/* End XCBuildConfiguration section */

/* Begin XCConfigurationList section */
		7CE24B731A16D626006D82A4 /* Build configuration list for PBXProject "altitudelabs-ios" */ = {
			isa = XCConfigurationList;
			buildConfigurations = (
				7CE24B951A16D626006D82A4 /* Debug */,
				7CE24B961A16D626006D82A4 /* Release */,
			);
			defaultConfigurationIsVisible = 0;
			defaultConfigurationName = Release;
		};
		7CE24B971A16D626006D82A4 /* Build configuration list for PBXNativeTarget "altitudelabs-ios" */ = {
			isa = XCConfigurationList;
			buildConfigurations = (
				7CE24B981A16D626006D82A4 /* Debug */,
				7CE24B991A16D626006D82A4 /* Release */,
			);
			defaultConfigurationIsVisible = 0;
			defaultConfigurationName = Release;
		};
		7CE24B9A1A16D626006D82A4 /* Build configuration list for PBXNativeTarget "altitudelabs-iosTests" */ = {
			isa = XCConfigurationList;
			buildConfigurations = (
				7CE24B9B1A16D626006D82A4 /* Debug */,
				7CE24B9C1A16D626006D82A4 /* Release */,
			);
			defaultConfigurationIsVisible = 0;
			defaultConfigurationName = Release;
		};
/* End XCConfigurationList section */
	};
	rootObject = 7CE24B701A16D626006D82A4 /* Project object */;
}
